Microsoft Visual Studio Solution File, Format Version 12.00
# Visual Studio Version 17
VisualStudioVersion = 17.5.2.0
MinimumVisualStudioVersion = 10.0.40219.1
Project("{FAE04EC0-301F-11D3-BF4B-00C04F79EFBC}") = "BookingSystem.UserService", "BookingSystem.UserService.csproj", "{848464F1-122B-BEE5-2D8F-1D14F79F933E}"
EndProject
Global
	GlobalSection(SolutionConfigurationPlatforms) = preSolution
		Debug|Any CPU = Debug|Any CPU
		Release|Any CPU = Release|Any CPU
	EndGlobalSection
	GlobalSection(ProjectConfigurationPlatforms) = postSolution
		{848464F1-122B-BEE5-2D8F-1D14F79F933E}.Debug|Any CPU.ActiveCfg = Debug|Any CPU
		{848464F1-122B-BEE5-2D8F-1D14F79F933E}.Debug|Any CPU.Build.0 = Debug|Any CPU
		{848464F1-122B-BEE5-2D8F-1D14F79F933E}.Release|Any CPU.ActiveCfg = Release|Any CPU
		{848464F1-122B-BEE5-2D8F-1D14F79F933E}.Release|Any CPU.Build.0 = Release|Any CPU
	EndGlobalSection
	GlobalSection(SolutionProperties) = preSolution
		HideSolutionNode = FALSE
	EndGlobalSection
	GlobalSection(ExtensibilityGlobals) = postSolution
		SolutionGuid = {3C911102-E30E-43D1-BCBA-2345DA630B79}
	EndGlobalSection
EndGlobal
